
Microsoft Visual Studio Solution File, Format Version 12.00
# Visual Studio Version 17
VisualStudioVersion = 17.11.35222.181
MinimumVisualStudioVersion = 10.0.40219.1
Project("{FAE04EC0-301F-11D3-BF4B-00C04F79EFBC}") = "FlyMapperOrg", "FlyMapperOrg.csproj", "{FE380009-D340-40C0-84F3-28C629314981}"
EndProject
Global
	GlobalSection(SolutionConfigurationPlatforms) = preSolution
		Debug|Any CPU = Debug|Any CPU
		Release|Any CPU = Release|Any CPU
	EndGlobalSection
	GlobalSection(ProjectConfigurationPlatforms) = postSolution
		{FE380009-D340-40C0-84F3-28C629314981}.Debug|Any CPU.ActiveCfg = Debug|Any CPU
		{FE380009-D340-40C0-84F3-28C629314981}.Debug|Any CPU.Build.0 = Debug|Any CPU
		{FE380009-D340-40C0-84F3-28C629314981}.Release|Any CPU.ActiveCfg = Release|Any CPU
		{FE380009-D340-40C0-84F3-28C629314981}.Release|Any CPU.Build.0 = Release|Any CPU
	EndGlobalSection
	GlobalSection(SolutionProperties) = preSolution
		HideSolutionNode = FALSE
	EndGlobalSection
	GlobalSection(ExtensibilityGlobals) = postSolution
		SolutionGuid = {317AE6F6-A882-4196-8CC0-AA1EF184B578}
	EndGlobalSection
EndGlobal
